
Microsoft Visual Studio Solution File, Format Version 12.00
# Visual Studio Version 17
VisualStudioVersion = 17.3.32811.315
MinimumVisualStudioVersion = 10.0.40219.1
Project("{FAE04EC0-301F-11D3-BF4B-00C04F79EFBC}") = "l01", "l01\l01.csproj", "{96377419-D246-463D-AF75-7C8B2AA53CAF}"
EndProject
Project("{2150E333-8FDC-42A3-9474-1A3956D46DE8}") = "Clase 1", "Clase 1", "{2EA5F3B7-6A13-4FDD-A31F-2B1E35C6A323}"
EndProject
Project("{FAE04EC0-301F-11D3-BF4B-00C04F79EFBC}") = "l02", "l02\l02.csproj", "{0D53277F-0F42-4468-9AA9-ECCBCCD0B60F}"
EndProject
Project("{FAE04EC0-301F-11D3-BF4B-00C04F79EFBC}") = "l03", "l03\l03.csproj", "{5D2FFAC6-6216-4C69-A7F4-52F26A4C5B68}"
EndProject
Global
	GlobalSection(SolutionConfigurationPlatforms) = preSolution
		Debug|Any CPU = Debug|Any CPU
		Release|Any CPU = Release|Any CPU
	EndGlobalSection
	GlobalSection(ProjectConfigurationPlatforms) = postSolution
		{96377419-D246-463D-AF75-7C8B2AA53CAF}.Debug|Any CPU.ActiveCfg = Debug|Any CPU
		{96377419-D246-463D-AF75-7C8B2AA53CAF}.Debug|Any CPU.Build.0 = Debug|Any CPU
		{96377419-D246-463D-AF75-7C8B2AA53CAF}.Release|Any CPU.ActiveCfg = Release|Any CPU
		{96377419-D246-463D-AF75-7C8B2AA53CAF}.Release|Any CPU.Build.0 = Release|Any CPU
		{0D53277F-0F42-4468-9AA9-ECCBCCD0B60F}.Debug|Any CPU.ActiveCfg = Debug|Any CPU
		{0D53277F-0F42-4468-9AA9-ECCBCCD0B60F}.Debug|Any CPU.Build.0 = Debug|Any CPU
		{0D53277F-0F42-4468-9AA9-ECCBCCD0B60F}.Release|Any CPU.ActiveCfg = Release|Any CPU
		{0D53277F-0F42-4468-9AA9-ECCBCCD0B60F}.Release|Any CPU.Build.0 = Release|Any CPU
		{5D2FFAC6-6216-4C69-A7F4-52F26A4C5B68}.Debug|Any CPU.ActiveCfg = Debug|Any CPU
		{5D2FFAC6-6216-4C69-A7F4-52F26A4C5B68}.Debug|Any CPU.Build.0 = Debug|Any CPU
		{5D2FFAC6-6216-4C69-A7F4-52F26A4C5B68}.Release|Any CPU.ActiveCfg = Release|Any CPU
		{5D2FFAC6-6216-4C69-A7F4-52F26A4C5B68}.Release|Any CPU.Build.0 = Release|Any CPU
	EndGlobalSection
	GlobalSection(SolutionProperties) = preSolution
		HideSolutionNode = FALSE
	EndGlobalSection
	GlobalSection(NestedProjects) = preSolution
		{96377419-D246-463D-AF75-7C8B2AA53CAF} = {2EA5F3B7-6A13-4FDD-A31F-2B1E35C6A323}
		{0D53277F-0F42-4468-9AA9-ECCBCCD0B60F} = {2EA5F3B7-6A13-4FDD-A31F-2B1E35C6A323}
		{5D2FFAC6-6216-4C69-A7F4-52F26A4C5B68} = {2EA5F3B7-6A13-4FDD-A31F-2B1E35C6A323}
	EndGlobalSection
	GlobalSection(ExtensibilityGlobals) = postSolution
		SolutionGuid = {5E42C730-5423-4DB4-A255-DEFA105B9F56}
	EndGlobalSection
EndGlobal
